
Microsoft Visual Studio Solution File, Format Version 12.00
# Visual Studio Version 16
VisualStudioVersion = 16.0.29409.12
MinimumVisualStudioVersion = 10.0.40219.1
Project("{FAE04EC0-301F-11D3-BF4B-00C04F79EFBC}") = "CreateClass", "CreateClass\CreateClass.csproj", "{B42BE6D8-0062-4005-962D-A5A3AA5C4A38}"
EndProject
Global
	GlobalSection(SolutionConfigurationPlatforms) = preSolution
		Debug|Any CPU = Debug|Any CPU
		Release|Any CPU = Release|Any CPU
	EndGlobalSection
	GlobalSection(ProjectConfigurationPlatforms) = postSolution
		{B42BE6D8-0062-4005-962D-A5A3AA5C4A38}.Debug|Any CPU.ActiveCfg = Debug|Any CPU
		{B42BE6D8-0062-4005-962D-A5A3AA5C4A38}.Debug|Any CPU.Build.0 = Debug|Any CPU
		{B42BE6D8-0062-4005-962D-A5A3AA5C4A38}.Release|Any CPU.ActiveCfg = Release|Any CPU
		{B42BE6D8-0062-4005-962D-A5A3AA5C4A38}.Release|Any CPU.Build.0 = Release|Any CPU
	EndGlobalSection
	GlobalSection(SolutionProperties) = preSolution
		HideSolutionNode = FALSE
	EndGlobalSection
	GlobalSection(ExtensibilityGlobals) = postSolution
		SolutionGuid = {FB039F87-9DEB-48A3-87E0-73542C3FA0C8}
	EndGlobalSection
EndGlobal
